
Microsoft Visual Studio Solution File, Format Version 12.00
# Visual Studio Version 16
VisualStudioVersion = 16.0.30503.244
MinimumVisualStudioVersion = 15.0.26124.0
Project("{9A19103F-16F7-4668-BE54-9A1E7A4F7556}") = "Functions.API", "Functions.API\Functions.API.csproj", "{B64612BC-9147-42FD-9CA8-43C6C4EFB6EB}"
EndProject
Project("{9A19103F-16F7-4668-BE54-9A1E7A4F7556}") = "Functions.API.Tests", "Functions.API.Tests\Functions.API.Tests.csproj", "{63B51FCB-50FC-4B62-A063-4C4AAED5FA1F}"
EndProject
Project("{9A19103F-16F7-4668-BE54-9A1E7A4F7556}") = "QuantumBudget.Model", "..\quantumbudget-api\QuantumBudget.Model\QuantumBudget.Model.csproj", "{384C5F33-9909-4ABA-B02F-08555D6D81F3}"
EndProject
Project("{9A19103F-16F7-4668-BE54-9A1E7A4F7556}") = "QuantumBudget.Repositories", "..\quantumbudget-api\QuantumBudget.Repositories\QuantumBudget.Repositories.csproj", "{9DA2DFA5-C0AD-4AA3-B01B-6204C9B8661A}"
EndProject
Project("{9A19103F-16F7-4668-BE54-9A1E7A4F7556}") = "QuantumBudget.Services", "..\quantumbudget-api\QuantumBudget.Services\QuantumBudget.Services.csproj", "{E17BFC25-2B72-4C1B-8027-3E44309183D0}"
EndProject
Global
	GlobalSection(SolutionConfigurationPlatforms) = preSolution
		Debug|Any CPU = Debug|Any CPU
		Debug|x64 = Debug|x64
		Debug|x86 = Debug|x86
		Release|Any CPU = Release|Any CPU
		Release|x64 = Release|x64
		Release|x86 = Release|x86
	EndGlobalSection
	GlobalSection(ProjectConfigurationPlatforms) = postSolution
		{B64612BC-9147-42FD-9CA8-43C6C4EFB6EB}.Debug|Any CPU.ActiveCfg = Debug|Any CPU
		{B64612BC-9147-42FD-9CA8-43C6C4EFB6EB}.Debug|Any CPU.Build.0 = Debug|Any CPU
		{B64612BC-9147-42FD-9CA8-43C6C4EFB6EB}.Debug|x64.ActiveCfg = Debug|Any CPU
		{B64612BC-9147-42FD-9CA8-43C6C4EFB6EB}.Debug|x64.Build.0 = Debug|Any CPU
		{B64612BC-9147-42FD-9CA8-43C6C4EFB6EB}.Debug|x86.ActiveCfg = Debug|Any CPU
		{B64612BC-9147-42FD-9CA8-43C6C4EFB6EB}.Debug|x86.Build.0 = Debug|Any CPU
		{B64612BC-9147-42FD-9CA8-43C6C4EFB6EB}.Release|Any CPU.ActiveCfg = Release|Any CPU
		{B64612BC-9147-42FD-9CA8-43C6C4EFB6EB}.Release|Any CPU.Build.0 = Release|Any CPU
		{B64612BC-9147-42FD-9CA8-43C6C4EFB6EB}.Release|x64.ActiveCfg = Release|Any CPU
		{B64612BC-9147-42FD-9CA8-43C6C4EFB6EB}.Release|x64.Build.0 = Release|Any CPU
		{B64612BC-9147-42FD-9CA8-43C6C4EFB6EB}.Release|x86.ActiveCfg = Release|Any CPU
		{B64612BC-9147-42FD-9CA8-43C6C4EFB6EB}.Release|x86.Build.0 = Release|Any CPU
		{63B51FCB-50FC-4B62-A063-4C4AAED5FA1F}.Debug|Any CPU.ActiveCfg = Debug|Any CPU
		{63B51FCB-50FC-4B62-A063-4C4AAED5FA1F}.Debug|Any CPU.Build.0 = Debug|Any CPU
		{63B51FCB-50FC-4B62-A063-4C4AAED5FA1F}.Debug|x64.ActiveCfg = Debug|Any CPU
		{63B51FCB-50FC-4B62-A063-4C4AAED5FA1F}.Debug|x64.Build.0 = Debug|Any CPU
		{63B51FCB-50FC-4B62-A063-4C4AAED5FA1F}.Debug|x86.ActiveCfg = Debug|Any CPU
		{63B51FCB-50FC-4B62-A063-4C4AAED5FA1F}.Debug|x86.Build.0 = Debug|Any CPU
		{63B51FCB-50FC-4B62-A063-4C4AAED5FA1F}.Release|Any CPU.ActiveCfg = Release|Any CPU
		{63B51FCB-50FC-4B62-A063-4C4AAED5FA1F}.Release|Any CPU.Build.0 = Release|Any CPU
		{63B51FCB-50FC-4B62-A063-4C4AAED5FA1F}.Release|x64.ActiveCfg = Release|Any CPU
		{63B51FCB-50FC-4B62-A063-4C4AAED5FA1F}.Release|x64.Build.0 = Release|Any CPU
		{63B51FCB-50FC-4B62-A063-4C4AAED5FA1F}.Release|x86.ActiveCfg = Release|Any CPU
		{63B51FCB-50FC-4B62-A063-4C4AAED5FA1F}.Release|x86.Build.0 = Release|Any CPU
		{384C5F33-9909-4ABA-B02F-08555D6D81F3}.Debug|Any CPU.ActiveCfg = Debug|Any CPU
		{384C5F33-9909-4ABA-B02F-08555D6D81F3}.Debug|Any CPU.Build.0 = Debug|Any CPU
		{384C5F33-9909-4ABA-B02F-08555D6D81F3}.Debug|x64.ActiveCfg = Debug|Any CPU
		{384C5F33-9909-4ABA-B02F-08555D6D81F3}.Debug|x64.Build.0 = Debug|Any CPU
		{384C5F33-9909-4ABA-B02F-08555D6D81F3}.Debug|x86.ActiveCfg = Debug|Any CPU
		{384C5F33-9909-4ABA-B02F-08555D6D81F3}.Debug|x86.Build.0 = Debug|Any CPU
		{384C5F33-9909-4ABA-B02F-08555D6D81F3}.Release|Any CPU.ActiveCfg = Release|Any CPU
		{384C5F33-9909-4ABA-B02F-08555D6D81F3}.Release|Any CPU.Build.0 = Release|Any CPU
		{384C5F33-9909-4ABA-B02F-08555D6D81F3}.Release|x64.ActiveCfg = Release|Any CPU
		{384C5F33-9909-4ABA-B02F-08555D6D81F3}.Release|x64.Build.0 = Release|Any CPU
		{384C5F33-9909-4ABA-B02F-08555D6D81F3}.Release|x86.ActiveCfg = Release|Any CPU
		{384C5F33-9909-4ABA-B02F-08555D6D81F3}.Release|x86.Build.0 = Release|Any CPU
		{9DA2DFA5-C0AD-4AA3-B01B-6204C9B8661A}.Debug|Any CPU.ActiveCfg = Debug|Any CPU
		{9DA2DFA5-C0AD-4AA3-B01B-6204C9B8661A}.Debug|Any CPU.Build.0 = Debug|Any CPU
		{9DA2DFA5-C0AD-4AA3-B01B-6204C9B8661A}.Debug|x64.ActiveCfg = Debug|Any CPU
		{9DA2DFA5-C0AD-4AA3-B01B-6204C9B8661A}.Debug|x64.Build.0 = Debug|Any CPU
		{9DA2DFA5-C0AD-4AA3-B01B-6204C9B8661A}.Debug|x86.ActiveCfg = Debug|Any CPU
		{9DA2DFA5-C0AD-4AA3-B01B-6204C9B8661A}.Debug|x86.Build.0 = Debug|Any CPU
		{9DA2DFA5-C0AD-4AA3-B01B-6204C9B8661A}.Release|Any CPU.ActiveCfg = Release|Any CPU
		{9DA2DFA5-C0AD-4AA3-B01B-6204C9B8661A}.Release|Any CPU.Build.0 = Release|Any CPU
		{9DA2DFA5-C0AD-4AA3-B01B-6204C9B8661A}.Release|x64.ActiveCfg = Release|Any CPU
		{9DA2DFA5-C0AD-4AA3-B01B-6204C9B8661A}.Release|x64.Build.0 = Release|Any CPU
		{9DA2DFA5-C0AD-4AA3-B01B-6204C9B8661A}.Release|x86.ActiveCfg = Release|Any CPU
		{9DA2DFA5-C0AD-4AA3-B01B-6204C9B8661A}.Release|x86.Build.0 = Release|Any CPU
		{E17BFC25-2B72-4C1B-8027-3E44309183D0}.Debug|Any CPU.ActiveCfg = Debug|Any CPU
		{E17BFC25-2B72-4C1B-8027-3E44309183D0}.Debug|Any CPU.Build.0 = Debug|Any CPU
		{E17BFC25-2B72-4C1B-8027-3E44309183D0}.Debug|x64.ActiveCfg = Debug|Any CPU
		{E17BFC25-2B72-4C1B-8027-3E44309183D0}.Debug|x64.Build.0 = Debug|Any CPU
		{E17BFC25-2B72-4C1B-8027-3E44309183D0}.Debug|x86.ActiveCfg = Debug|Any CPU
		{E17BFC25-2B72-4C1B-8027-3E44309183D0}.Debug|x86.Build.0 = Debug|Any CPU
		{E17BFC25-2B72-4C1B-8027-3E44309183D0}.Release|Any CPU.ActiveCfg = Release|Any CPU
		{E17BFC25-2B72-4C1B-8027-3E44309183D0}.Release|Any CPU.Build.0 = Release|Any CPU
		{E17BFC25-2B72-4C1B-8027-3E44309183D0}.Release|x64.ActiveCfg = Release|Any CPU
		{E17BFC25-2B72-4C1B-8027-3E44309183D0}.Release|x64.Build.0 = Release|Any CPU
		{E17BFC25-2B72-4C1B-8027-3E44309183D0}.Release|x86.ActiveCfg = Release|Any CPU
		{E17BFC25-2B72-4C1B-8027-3E44309183D0}.Release|x86.Build.0 = Release|Any CPU
	EndGlobalSection
	GlobalSection(SolutionProperties) = preSolution
		HideSolutionNode = FALSE
	EndGlobalSection
	GlobalSection(ExtensibilityGlobals) = postSolution
		SolutionGuid = {0BB8653A-2DC7-4A9C-8ECB-D2DEE4CDAA79}
	EndGlobalSection
EndGlobal
